{
  "name": "react-kavia",
  "version": "0.1.0",
  "lockfileVersion": 2,
  "requires": true,
  "packages": {
    "": {
      "name": "react-kavia",
      "version": "0.1.0",
      "dependencies": {
        "react": "^18.2.0",
        "react-dom": "^18.2.0",
        "react-router-dom": "^6.26.2",
        "react-scripts": "^5.0.1"
      },
      "devDependencies": {
        "cross-env": "^7.0.3"
      }
    },
    "node_modules/@remix-run/router": {
      "version": "1.19.2",
      "resolved": "https://registry.npmjs.org/@remix-run/router/-/router-1.19.2.tgz",
      "integrity": "sha512-6qfZ2s5ITf9qjQYw7L7kz0m7t2KZ5o5TtWcT6WwKQjv0e7E0l7n9fR4D1YqvYVwq0v8Qd0p2yVZ8JgqZlq4n3A=="
    },
    "node_modules/react-router": {
      "version": "6.26.2",
      "resolved": "https://registry.npmjs.org/react-router/-/react-router-6.26.2.tgz",
      "integrity": "sha512-xh9r+o7cLZ7bXr3f1Fh7p6s4sQyJw0f7mW2rYdQvU6h2oB6G3d2qBv0xgqj5m5f3vQe7RrjQwX4kqXhQeQ0qKg==",
      "dependencies": {
        "@remix-run/router": "1.19.2"
      },
      "engines": {
        "node": ">=14.0.0"
      }
    },
    "node_modules/react-router-dom": {
      "version": "6.26.2",
      "resolved": "https://registry.npmjs.org/react-router-dom/-/react-router-dom-6.26.2.tgz",
      "integrity": "sha512-MhYy6Wf4pJb5hV8QpU3k6qv9fV9cVtKQJ2gqvGvP6u4bQKpYhZgQm0h6n2XzQqgQvWm1mGmKqQwQxQbQmQx0g==",
      "dependencies": {
        "react-router": "6.26.2"
      },
      "engines": {
        "node": ">=14.0.0"
      },
      "peerDependencies": {
        "react": ">=16.8",
        "react-dom": ">=16.8"
      }
    }
  },
  "dependencies": {
    "@remix-run/router": {
      "version": "1.19.2"
    },
    "react-router": {
      "version": "6.26.2",
      "requires": {
        "@remix-run/router": "1.19.2"
      }
    },
    "react-router-dom": {
      "version": "6.26.2",
      "requires": {
        "react-router": "6.26.2"
      }
    }
  }
}
